// !$*UTF8*$!
{
	archiveVersion = 1;
	classes = {
	};
	objectVersion = 50;
	objects = {

/* Begin PBXBuildFile section */
		242F3B332098CD0600C75675 /* DishListSaveTableViewController.swift in Sources */ = {isa = PBXBuildFile; fileRef = 242F3B322098CD0600C75675 /* DishListSaveTableViewController.swift */; };
		24AD832F207EF2E80040DBD0 /* DishDetailViewController.swift in Sources */ = {isa = PBXBuildFile; fileRef = 24AD832E207EF2E80040DBD0 /* DishDetailViewController.swift */; };
		24AD8331207EFC550040DBD0 /* RatingControl.swift in Sources */ = {isa = PBXBuildFile; fileRef = 24AD8330207EFC550040DBD0 /* RatingControl.swift */; };
		24AD83392086908E0040DBD0 /* MainPageViewController.swift in Sources */ = {isa = PBXBuildFile; fileRef = 24AD83382086908E0040DBD0 /* MainPageViewController.swift */; };
		24AD833B2086D0450040DBD0 /* DishTableViewCell.swift in Sources */ = {isa = PBXBuildFile; fileRef = 24AD833A2086D0450040DBD0 /* DishTableViewCell.swift */; };
		24AD833E2086D9220040DBD0 /* DishListTableViewController.swift in Sources */ = {isa = PBXBuildFile; fileRef = 24AD833D2086D9220040DBD0 /* DishListTableViewController.swift */; };
		24AD83402086DB480040DBD0 /* Dish.swift in Sources */ = {isa = PBXBuildFile; fileRef = 24AD833F2086DB480040DBD0 /* Dish.swift */; };
		24AD834220883A780040DBD0 /* GoogleService-Info.plist in Resources */ = {isa = PBXBuildFile; fileRef = 24AD834120883A770040DBD0 /* GoogleService-Info.plist */; };
		24AD8344208842980040DBD0 /* FirebaseUtil.swift in Sources */ = {isa = PBXBuildFile; fileRef = 24AD8343208842980040DBD0 /* FirebaseUtil.swift */; };
		802CBB17207D2077002EFFB1 /* AppDelegate.swift in Sources */ = {isa = PBXBuildFile; fileRef = 802CBB16207D2077002EFFB1 /* AppDelegate.swift */; };
		802CBB19207D2077002EFFB1 /* LoginViewController.swift in Sources */ = {isa = PBXBuildFile; fileRef = 802CBB18207D2077002EFFB1 /* LoginViewController.swift */; };
		802CBB1C207D2077002EFFB1 /* Main.storyboard in Resources */ = {isa = PBXBuildFile; fileRef = 802CBB1A207D2077002EFFB1 /* Main.storyboard */; };
		802CBB1E207D207A002EFFB1 /* Assets.xcassets in Resources */ = {isa = PBXBuildFile; fileRef = 802CBB1D207D207A002EFFB1 /* Assets.xcassets */; };
		802CBB21207D207A002EFFB1 /* LaunchScreen.storyboard in Resources */ = {isa = PBXBuildFile; fileRef = 802CBB1F207D207A002EFFB1 /* LaunchScreen.storyboard */; };
		802CBB2C207D207A002EFFB1 /* WhatToEatTests.swift in Sources */ = {isa = PBXBuildFile; fileRef = 802CBB2B207D207A002EFFB1 /* WhatToEatTests.swift */; };
		802CBB37207D207A002EFFB1 /* WhatToEatUITests.swift in Sources */ = {isa = PBXBuildFile; fileRef = 802CBB36207D207A002EFFB1 /* WhatToEatUITests.swift */; };
		802CBB46207D40F1002EFFB1 /* UnderlinedTextField.swift in Sources */ = {isa = PBXBuildFile; fileRef = 802CBB45207D40F1002EFFB1 /* UnderlinedTextField.swift */; };
		802CBB47207D40F1002EFFB1 /* UnderlinedTextField.swift in Sources */ = {isa = PBXBuildFile; fileRef = 802CBB45207D40F1002EFFB1 /* UnderlinedTextField.swift */; };
		802CBB48207D40F1002EFFB1 /* UnderlinedTextField.swift in Sources */ = {isa = PBXBuildFile; fileRef = 802CBB45207D40F1002EFFB1 /* UnderlinedTextField.swift */; };
		80D72095208FDA16005F6A3A /* MyProfileViewController.swift in Sources */ = {isa = PBXBuildFile; fileRef = 80D72094208FDA16005F6A3A /* MyProfileViewController.swift */; };
		A548305C31099790CEDB68B1 /* Pods_WhatToEat.framework in Frameworks */ = {isa = PBXBuildFile; fileRef = A6C67DE0B215E87E58131D2E /* Pods_WhatToEat.framework */; };
		A61A1FAC8A24443BCA83C92B /* Pods_WhatToEatUITests.framework in Frameworks */ = {isa = PBXBuildFile; fileRef = FF5FD51D66DF01C33FF76917 /* Pods_WhatToEatUITests.framework */; };
		DAD3D30C0518E806D4F32A9E /* Pods_WhatToEatTests.framework in Frameworks */ = {isa = PBXBuildFile; fileRef = EB709CB85866E4570AEBD207 /* Pods_WhatToEatTests.framework */; };
/* End PBXBuildFile section */

/* Begin PBXContainerItemProxy section */
		802CBB28207D207A002EFFB1 /* PBXContainerItemProxy */ = {
			isa = PBXContainerItemProxy;
			containerPortal = 802CBB0B207D2077002EFFB1 /* Project object */;
			proxyType = 1;
			remoteGlobalIDString = 802CBB12207D2077002EFFB1;
			remoteInfo = WhatToEat;
		};
		802CBB33207D207A002EFFB1 /* PBXContainerItemProxy */ = {
			isa = PBXContainerItemProxy;
			containerPortal = 802CBB0B207D2077002EFFB1 /* Project object */;
			proxyType = 1;
			remoteGlobalIDString = 802CBB12207D2077002EFFB1;
			remoteInfo = WhatToEat;
		};
/* End PBXContainerItemProxy section */

/* Begin PBXFileReference section */
		1B4474A24DD54B0EC3797FFC /* Pods-WhatToEat.release.xcconfig */ = {isa = PBXFileReference; includeInIndex = 1; lastKnownFileType = text.xcconfig; name = "Pods-WhatToEat.release.xcconfig"; path = "Pods/Target Support Files/Pods-WhatToEat/Pods-WhatToEat.release.xcconfig"; sourceTree = "<group>"; };
		237C5F3A03A265300FFB4EAA /* Pods-WhatToEat.debug.xcconfig */ = {isa = PBXFileReference; includeInIndex = 1; lastKnownFileType = text.xcconfig; name = "Pods-WhatToEat.debug.xcconfig"; path = "Pods/Target Support Files/Pods-WhatToEat/Pods-WhatToEat.debug.xcconfig"; sourceTree = "<group>"; };
		242F3B322098CD0600C75675 /* DishListSaveTableViewController.swift */ = {isa = PBXFileReference; lastKnownFileType = sourcecode.swift; path = DishListSaveTableViewController.swift; sourceTree = "<group>"; };
		24AD832E207EF2E80040DBD0 /* DishDetailViewController.swift */ = {isa = PBXFileReference; lastKnownFileType = sourcecode.swift; path = DishDetailViewController.swift; sourceTree = "<group>"; };
		24AD8330207EFC550040DBD0 /* RatingControl.swift */ = {isa = PBXFileReference; lastKnownFileType = sourcecode.swift; path = RatingControl.swift; sourceTree = "<group>"; };
		24AD83382086908E0040DBD0 /* MainPageViewController.swift */ = {isa = PBXFileReference; fileEncoding = 4; lastKnownFileType = sourcecode.swift; path = MainPageViewController.swift; sourceTree = "<group>"; };
		24AD833A2086D0450040DBD0 /* DishTableViewCell.swift */ = {isa = PBXFileReference; lastKnownFileType = sourcecode.swift; path = DishTableViewCell.swift; sourceTree = "<group>"; };
		24AD833D2086D9220040DBD0 /* DishListTableViewController.swift */ = {isa = PBXFileReference; lastKnownFileType = sourcecode.swift; path = DishListTableViewController.swift; sourceTree = "<group>"; };
		24AD833F2086DB480040DBD0 /* Dish.swift */ = {isa = PBXFileReference; lastKnownFileType = sourcecode.swift; path = Dish.swift; sourceTree = "<group>"; };
		24AD834120883A770040DBD0 /* GoogleService-Info.plist */ = {isa = PBXFileReference; fileEncoding = 4; lastKnownFileType = text.plist.xml; path = "GoogleService-Info.plist"; sourceTree = "<group>"; };
		24AD8343208842980040DBD0 /* FirebaseUtil.swift */ = {isa = PBXFileReference; lastKnownFileType = sourcecode.swift; path = FirebaseUtil.swift; sourceTree = "<group>"; };
		48EE408973E97DC7C439B947 /* Pods-WhatToEatTests.release.xcconfig */ = {isa = PBXFileReference; includeInIndex = 1; lastKnownFileType = text.xcconfig; name = "Pods-WhatToEatTests.release.xcconfig"; path = "Pods/Target Support Files/Pods-WhatToEatTests/Pods-WhatToEatTests.release.xcconfig"; sourceTree = "<group>"; };
		71BD406341B1354A2B84906C /* Pods-WhatToEatTests.debug.xcconfig */ = {isa = PBXFileReference; includeInIndex = 1; lastKnownFileType = text.xcconfig; name = "Pods-WhatToEatTests.debug.xcconfig"; path = "Pods/Target Support Files/Pods-WhatToEatTests/Pods-WhatToEatTests.debug.xcconfig"; sourceTree = "<group>"; };
		802CBB13207D2077002EFFB1 /* WhatToEat.app */ = {isa = PBXFileReference; explicitFileType = wrapper.application; includeInIndex = 0; path = WhatToEat.app; sourceTree = BUILT_PRODUCTS_DIR; };
		802CBB16207D2077002EFFB1 /* AppDelegate.swift */ = {isa = PBXFileReference; lastKnownFileType = sourcecode.swift; path = AppDelegate.swift; sourceTree = "<group>"; };
		802CBB18207D2077002EFFB1 /* LoginViewController.swift */ = {isa = PBXFileReference; lastKnownFileType = sourcecode.swift; path = LoginViewController.swift; sourceTree = "<group>"; };
		802CBB1B207D2077002EFFB1 /* Base */ = {isa = PBXFileReference; lastKnownFileType = file.storyboard; name = Base; path = Base.lproj/Main.storyboard; sourceTree = "<group>"; };
		802CBB1D207D207A002EFFB1 /* Assets.xcassets */ = {isa = PBXFileReference; lastKnownFileType = folder.assetcatalog; path = Assets.xcassets; sourceTree = "<group>"; };
		802CBB20207D207A002EFFB1 /* Base */ = {isa = PBXFileReference; lastKnownFileType = file.storyboard; name = Base; path = Base.lproj/LaunchScreen.storyboard; sourceTree = "<group>"; };
		802CBB22207D207A002EFFB1 /* Info.plist */ = {isa = PBXFileReference; lastKnownFileType = text.plist.xml; path = Info.plist; sourceTree = "<group>"; };
		802CBB27207D207A002EFFB1 /* WhatToEatTests.xctest */ = {isa = PBXFileReference; explicitFileType = wrapper.cfbundle; includeInIndex = 0; path = WhatToEatTests.xctest; sourceTree = BUILT_PRODUCTS_DIR; };
		802CBB2B207D207A002EFFB1 /* WhatToEatTests.swift */ = {isa = PBXFileReference; lastKnownFileType = sourcecode.swift; path = WhatToEatTests.swift; sourceTree = "<group>"; };
		802CBB2D207D207A002EFFB1 /* Info.plist */ = {isa = PBXFileReference; lastKnownFileType = text.plist.xml; path = Info.plist; sourceTree = "<group>"; };
		802CBB32207D207A002EFFB1 /* WhatToEatUITests.xctest */ = {isa = PBXFileReference; explicitFileType = wrapper.cfbundle; includeInIndex = 0; path = WhatToEatUITests.xctest; sourceTree = BUILT_PRODUCTS_DIR; };
		802CBB36207D207A002EFFB1 /* WhatToEatUITests.swift */ = {isa = PBXFileReference; lastKnownFileType = sourcecode.swift; path = WhatToEatUITests.swift; sourceTree = "<group>"; };
		802CBB38207D207A002EFFB1 /* Info.plist */ = {isa = PBXFileReference; lastKnownFileType = text.plist.xml; path = Info.plist; sourceTree = "<group>"; };
		802CBB45207D40F1002EFFB1 /* UnderlinedTextField.swift */ = {isa = PBXFileReference; lastKnownFileType = sourcecode.swift; path = UnderlinedTextField.swift; sourceTree = "<group>"; };
		80D72094208FDA16005F6A3A /* MyProfileViewController.swift */ = {isa = PBXFileReference; lastKnownFileType = sourcecode.swift; path = MyProfileViewController.swift; sourceTree = "<group>"; };
		A6C67DE0B215E87E58131D2E /* Pods_WhatToEat.framework */ = {isa = PBXFileReference; explicitFileType = wrapper.framework; includeInIndex = 0; path = Pods_WhatToEat.framework; sourceTree = BUILT_PRODUCTS_DIR; };
		DF5B72B433C6CA43FCB44297 /* Pods-WhatToEatUITests.release.xcconfig */ = {isa = PBXFileReference; includeInIndex = 1; lastKnownFileType = text.xcconfig; name = "Pods-WhatToEatUITests.release.xcconfig"; path = "Pods/Target Support Files/Pods-WhatToEatUITests/Pods-WhatToEatUITests.release.xcconfig"; sourceTree = "<group>"; };
		EB709CB85866E4570AEBD207 /* Pods_WhatToEatTests.framework */ = {isa = PBXFileReference; explicitFileType = wrapper.framework; includeInIndex = 0; path = Pods_WhatToEatTests.framework; sourceTree = BUILT_PRODUCTS_DIR; };
		EB88A6AFB160D9E55AB5C228 /* Pods-WhatToEatUITests.debug.xcconfig */ = {isa = PBXFileReference; includeInIndex = 1; lastKnownFileType = text.xcconfig; name = "Pods-WhatToEatUITests.debug.xcconfig"; path = "Pods/Target Support Files/Pods-WhatToEatUITests/Pods-WhatToEatUITests.debug.xcconfig"; sourceTree = "<group>"; };
		FF5FD51D66DF01C33FF76917 /* Pods_WhatToEatUITests.framework */ = {isa = PBXFileReference; explicitFileType = wrapper.framework; includeInIndex = 0; path = Pods_WhatToEatUITests.framework; sourceTree = BUILT_PRODUCTS_DIR; };
/* End PBXFileReference section */

/* Begin PBXFrameworksBuildPhase section */
		802CBB10207D2077002EFFB1 /* Frameworks */ = {
			isa = PBXFrameworksBuildPhase;
			buildActionMask = 2147483647;
			files = (
				A548305C31099790CEDB68B1 /* Pods_WhatToEat.framework in Frameworks */,
			);
			runOnlyForDeploymentPostprocessing = 0;
		};
		802CBB24207D207A002EFFB1 /* Frameworks */ = {
			isa = PBXFrameworksBuildPhase;
			buildActionMask = 2147483647;
			files = (
				DAD3D30C0518E806D4F32A9E /* Pods_WhatToEatTests.framework in Frameworks */,
			);
			runOnlyForDeploymentPostprocessing = 0;
		};
		802CBB2F207D207A002EFFB1 /* Frameworks */ = {
			isa = PBXFrameworksBuildPhase;
			buildActionMask = 2147483647;
			files = (
				A61A1FAC8A24443BCA83C92B /* Pods_WhatToEatUITests.framework in Frameworks */,
			);
			runOnlyForDeploymentPostprocessing = 0;
		};
/* End PBXFrameworksBuildPhase section */

/* Begin PBXGroup section */
		21E719544CB27A8E35503B7D /* Frameworks */ = {
			isa = PBXGroup;
			children = (
				A6C67DE0B215E87E58131D2E /* Pods_WhatToEat.framework */,
				EB709CB85866E4570AEBD207 /* Pods_WhatToEatTests.framework */,
				FF5FD51D66DF01C33FF76917 /* Pods_WhatToEatUITests.framework */,
			);
			name = Frameworks;
			sourceTree = "<group>";
		};
		24AD832B207EECED0040DBD0 /* Controllers */ = {
			isa = PBXGroup;
			children = (
				24AD83382086908E0040DBD0 /* MainPageViewController.swift */,
				802CBB18207D2077002EFFB1 /* LoginViewController.swift */,
				24AD832E207EF2E80040DBD0 /* DishDetailViewController.swift */,
				24AD833D2086D9220040DBD0 /* DishListTableViewController.swift */,
				80D72094208FDA16005F6A3A /* MyProfileViewController.swift */,
				242F3B322098CD0600C75675 /* DishListSaveTableViewController.swift */,
			);
			path = Controllers;
			sourceTree = "<group>";
		};
		24AD832C207EECFF0040DBD0 /* SupportFiles */ = {
			isa = PBXGroup;
			children = (
				802CBB1A207D2077002EFFB1 /* Main.storyboard */,
				802CBB16207D2077002EFFB1 /* AppDelegate.swift */,
				802CBB1D207D207A002EFFB1 /* Assets.xcassets */,
				802CBB1F207D207A002EFFB1 /* LaunchScreen.storyboard */,
				802CBB22207D207A002EFFB1 /* Info.plist */,
				24AD834120883A770040DBD0 /* GoogleService-Info.plist */,
				24AD8343208842980040DBD0 /* FirebaseUtil.swift */,
			);
			path = SupportFiles;
			sourceTree = "<group>";
		};
		24AD832D207EED320040DBD0 /* Views */ = {
			isa = PBXGroup;
			children = (
				802CBB44207D40A1002EFFB1 /* CustomViews */,
			);
			path = Views;
			sourceTree = "<group>";
		};
		24AD833C2086D8910040DBD0 /* Models */ = {
			isa = PBXGroup;
			children = (
				24AD833F2086DB480040DBD0 /* Dish.swift */,
			);
			path = Models;
			sourceTree = "<group>";
		};
		76C4BC625A425DC0AFCEB4E4 /* Pods */ = {
			isa = PBXGroup;
			children = (
				237C5F3A03A265300FFB4EAA /* Pods-WhatToEat.debug.xcconfig */,
				1B4474A24DD54B0EC3797FFC /* Pods-WhatToEat.release.xcconfig */,
				71BD406341B1354A2B84906C /* Pods-WhatToEatTests.debug.xcconfig */,
				48EE408973E97DC7C439B947 /* Pods-WhatToEatTests.release.xcconfig */,
				EB88A6AFB160D9E55AB5C228 /* Pods-WhatToEatUITests.debug.xcconfig */,
				DF5B72B433C6CA43FCB44297 /* Pods-WhatToEatUITests.release.xcconfig */,
			);
			name = Pods;
			sourceTree = "<group>";
		};
		802CBB0A207D2077002EFFB1 = {
			isa = PBXGroup;
			children = (
				802CBB15207D2077002EFFB1 /* WhatToEat */,
				802CBB2A207D207A002EFFB1 /* WhatToEatTests */,
				802CBB35207D207A002EFFB1 /* WhatToEatUITests */,
				802CBB14207D2077002EFFB1 /* Products */,
				76C4BC625A425DC0AFCEB4E4 /* Pods */,
				21E719544CB27A8E35503B7D /* Frameworks */,
			);
			sourceTree = "<group>";
		};
		802CBB14207D2077002EFFB1 /* Products */ = {
			isa = PBXGroup;
			children = (
				802CBB13207D2077002EFFB1 /* WhatToEat.app */,
				802CBB27207D207A002EFFB1 /* WhatToEatTests.xctest */,
				802CBB32207D207A002EFFB1 /* WhatToEatUITests.xctest */,
			);
			name = Products;
			sourceTree = "<group>";
		};
		802CBB15207D2077002EFFB1 /* WhatToEat */ = {
			isa = PBXGroup;
			children = (
				24AD833C2086D8910040DBD0 /* Models */,
				24AD832D207EED320040DBD0 /* Views */,
				24AD832C207EECFF0040DBD0 /* SupportFiles */,
				24AD832B207EECED0040DBD0 /* Controllers */,
			);
			path = WhatToEat;
			sourceTree = "<group>";
		};
		802CBB2A207D207A002EFFB1 /* WhatToEatTests */ = {
			isa = PBXGroup;
			children = (
				802CBB2B207D207A002EFFB1 /* WhatToEatTests.swift */,
				802CBB2D207D207A002EFFB1 /* Info.plist */,
			);
			path = WhatToEatTests;
			sourceTree = "<group>";
		};
		802CBB35207D207A002EFFB1 /* WhatToEatUITests */ = {
			isa = PBXGroup;
			children = (
				802CBB36207D207A002EFFB1 /* WhatToEatUITests.swift */,
				802CBB38207D207A002EFFB1 /* Info.plist */,
			);
			path = WhatToEatUITests;
			sourceTree = "<group>";
		};
		802CBB44207D40A1002EFFB1 /* CustomViews */ = {
			isa = PBXGroup;
			children = (
				802CBB45207D40F1002EFFB1 /* UnderlinedTextField.swift */,
				24AD8330207EFC550040DBD0 /* RatingControl.swift */,
				24AD833A2086D0450040DBD0 /* DishTableViewCell.swift */,
			);
			path = CustomViews;
			sourceTree = "<group>";
		};
/* End PBXGroup section */

/* Begin PBXNativeTarget section */
		802CBB12207D2077002EFFB1 /* WhatToEat */ = {
			isa = PBXNativeTarget;
			buildConfigurationList = 802CBB3B207D207A002EFFB1 /* Build configuration list for PBXNativeTarget "WhatToEat" */;
			buildPhases = (
				87CC81ADE140B6ACAB894DBB /* [CP] Check Pods Manifest.lock */,
				802CBB0F207D2077002EFFB1 /* Sources */,
				802CBB10207D2077002EFFB1 /* Frameworks */,
				802CBB11207D2077002EFFB1 /* Resources */,
				CA57EB9692B6C6517B71B223 /* [CP] Embed Pods Frameworks */,
				6772C6AC4C87A33BCCE2D50A /* [CP] Copy Pods Resources */,
			);
			buildRules = (
			);
			dependencies = (
			);
			name = WhatToEat;
			productName = WhatToEat;
			productReference = 802CBB13207D2077002EFFB1 /* WhatToEat.app */;
			productType = "com.apple.product-type.application";
		};
		802CBB26207D207A002EFFB1 /* WhatToEatTests */ = {
			isa = PBXNativeTarget;
			buildConfigurationList = 802CBB3E207D207A002EFFB1 /* Build configuration list for PBXNativeTarget "WhatToEatTests" */;
			buildPhases = (
				39F87FC45BEF627B23EF3FB4 /* [CP] Check Pods Manifest.lock */,
				802CBB23207D207A002EFFB1 /* Sources */,
				802CBB24207D207A002EFFB1 /* Frameworks */,
				802CBB25207D207A002EFFB1 /* Resources */,
			);
			buildRules = (
			);
			dependencies = (
				802CBB29207D207A002EFFB1 /* PBXTargetDependency */,
			);
			name = WhatToEatTests;
			productName = WhatToEatTests;
			productReference = 802CBB27207D207A002EFFB1 /* WhatToEatTests.xctest */;
			productType = "com.apple.product-type.bundle.unit-test";
		};
		802CBB31207D207A002EFFB1 /* WhatToEatUITests */ = {
			isa = PBXNativeTarget;
			buildConfigurationList = 802CBB41207D207A002EFFB1 /* Build configuration list for PBXNativeTarget "WhatToEatUITests" */;
			buildPhases = (
				05AA116775C99ABC961DAAA9 /* [CP] Check Pods Manifest.lock */,
				802CBB2E207D207A002EFFB1 /* Sources */,
				802CBB2F207D207A002EFFB1 /* Frameworks */,
				802CBB30207D207A002EFFB1 /* Resources */,
			);
			buildRules = (
			);
			dependencies = (
				802CBB34207D207A002EFFB1 /* PBXTargetDependency */,
			);
			name = WhatToEatUITests;
			productName = WhatToEatUITests;
			productReference = 802CBB32207D207A002EFFB1 /* WhatToEatUITests.xctest */;
			productType = "com.apple.product-type.bundle.ui-testing";
		};
/* End PBXNativeTarget section */

/* Begin PBXProject section */
		802CBB0B207D2077002EFFB1 /* Project object */ = {
			isa = PBXProject;
			attributes = {
				LastSwiftUpdateCheck = 0930;
				LastUpgradeCheck = 0930;
				ORGANIZATIONNAME = "CHEN CHEN";
				TargetAttributes = {
					802CBB12207D2077002EFFB1 = {
						CreatedOnToolsVersion = 9.3;
					};
					802CBB26207D207A002EFFB1 = {
						CreatedOnToolsVersion = 9.3;
						TestTargetID = 802CBB12207D2077002EFFB1;
					};
					802CBB31207D207A002EFFB1 = {
						CreatedOnToolsVersion = 9.3;
						TestTargetID = 802CBB12207D2077002EFFB1;
					};
				};
			};
			buildConfigurationList = 802CBB0E207D2077002EFFB1 /* Build configuration list for PBXProject "WhatToEat" */;
			compatibilityVersion = "Xcode 9.3";
			developmentRegion = en;
			hasScannedForEncodings = 0;
			knownRegions = (
				en,
				Base,
			);
			mainGroup = 802CBB0A207D2077002EFFB1;
			productRefGroup = 802CBB14207D2077002EFFB1 /* Products */;
			projectDirPath = "";
			projectRoot = "";
			targets = (
				802CBB12207D2077002EFFB1 /* WhatToEat */,
				802CBB26207D207A002EFFB1 /* WhatToEatTests */,
				802CBB31207D207A002EFFB1 /* WhatToEatUITests */,
			);
		};
/* End PBXProject section */

/* Begin PBXResourcesBuildPhase section */
		802CBB11207D2077002EFFB1 /* Resources */ = {
			isa = PBXResourcesBuildPhase;
			buildActionMask = 2147483647;
			files = (
				802CBB21207D207A002EFFB1 /* LaunchScreen.storyboard in Resources */,
				24AD834220883A780040DBD0 /* GoogleService-Info.plist in Resources */,
				802CBB1E207D207A002EFFB1 /* Assets.xcassets in Resources */,
				802CBB1C207D2077002EFFB1 /* Main.storyboard in Resources */,
			);
			runOnlyForDeploymentPostprocessing = 0;
		};
		802CBB25207D207A002EFFB1 /* Resources */ = {
			isa = PBXResourcesBuildPhase;
			buildActionMask = 2147483647;
			files = (
			);
			runOnlyForDeploymentPostprocessing = 0;
		};
		802CBB30207D207A002EFFB1 /* Resources */ = {
			isa = PBXResourcesBuildPhase;
			buildActionMask = 2147483647;
			files = (
			);
			runOnlyForDeploymentPostprocessing = 0;
		};
/* End PBXResourcesBuildPhase section */

/* Begin PBXShellScriptBuildPhase section */
		05AA116775C99ABC961DAAA9 /* [CP] Check Pods Manifest.lock */ = {
			isa = PBXShellScriptBuildPhase;
			buildActionMask = 2147483647;
			files = (
			);
			inputPaths = (
				"${PODS_PODFILE_DIR_PATH}/Podfile.lock",
				"${PODS_ROOT}/Manifest.lock",
			);
			name = "[CP] Check Pods Manifest.lock";
			outputPaths = (
				"$(DERIVED_FILE_DIR)/Pods-WhatToEatUITests-checkManifestLockResult.txt",
			);
			runOnlyForDeploymentPostprocessing = 0;
			shellPath = /bin/sh;
			shellScript = "diff \"${PODS_PODFILE_DIR_PATH}/Podfile.lock\" \"${PODS_ROOT}/Manifest.lock\" > /dev/null\nif [ $? != 0 ] ; then\n    # print error to STDERR\n    echo \"error: The sandbox is not in sync with the Podfile.lock. Run 'pod install' or update your CocoaPods installation.\" >&2\n    exit 1\nfi\n# This output is used by Xcode 'outputs' to avoid re-running this script phase.\necho \"SUCCESS\" > \"${SCRIPT_OUTPUT_FILE_0}\"\n";
			showEnvVarsInLog = 0;
		};
		39F87FC45BEF627B23EF3FB4 /* [CP] Check Pods Manifest.lock */ = {
			isa = PBXShellScriptBuildPhase;
			buildActionMask = 2147483647;
			files = (
			);
			inputPaths = (
				"${PODS_PODFILE_DIR_PATH}/Podfile.lock",
				"${PODS_ROOT}/Manifest.lock",
			);
			name = "[CP] Check Pods Manifest.lock";
			outputPaths = (
				"$(DERIVED_FILE_DIR)/Pods-WhatToEatTests-checkManifestLockResult.txt",
			);
			runOnlyForDeploymentPostprocessing = 0;
			shellPath = /bin/sh;
			shellScript = "diff \"${PODS_PODFILE_DIR_PATH}/Podfile.lock\" \"${PODS_ROOT}/Manifest.lock\" > /dev/null\nif [ $? != 0 ] ; then\n    # print error to STDERR\n    echo \"error: The sandbox is not in sync with the Podfile.lock. Run 'pod install' or update your CocoaPods installation.\" >&2\n    exit 1\nfi\n# This output is used by Xcode 'outputs' to avoid re-running this script phase.\necho \"SUCCESS\" > \"${SCRIPT_OUTPUT_FILE_0}\"\n";
			showEnvVarsInLog = 0;
		};
		6772C6AC4C87A33BCCE2D50A /* [CP] Copy Pods Resources */ = {
			isa = PBXShellScriptBuildPhase;
			buildActionMask = 2147483647;
			files = (
			);
			inputPaths = (
				"${SRCROOT}/Pods/Target Support Files/Pods-WhatToEat/Pods-WhatToEat-resources.sh",
				"${PODS_ROOT}/GoogleMaps/Maps/Frameworks/GoogleMaps.framework/Resources/GoogleMaps.bundle",
				"${PODS_ROOT}/GooglePlaces/Frameworks/GooglePlaces.framework/Resources/GooglePlaces.bundle",
				"${PODS_ROOT}/GoogleSignIn/Resources/GoogleSignIn.bundle",
			);
			name = "[CP] Copy Pods Resources";
			outputPaths = (
				"${TARGET_BUILD_DIR}/${UNLOCALIZED_RESOURCES_FOLDER_PATH}/GoogleMaps.bundle",
				"${TARGET_BUILD_DIR}/${UNLOCALIZED_RESOURCES_FOLDER_PATH}/GooglePlaces.bundle",
				"${TARGET_BUILD_DIR}/${UNLOCALIZED_RESOURCES_FOLDER_PATH}/GoogleSignIn.bundle",
			);
			runOnlyForDeploymentPostprocessing = 0;
			shellPath = /bin/sh;
			shellScript = "\"${SRCROOT}/Pods/Target Support Files/Pods-WhatToEat/Pods-WhatToEat-resources.sh\"\n";
			showEnvVarsInLog = 0;
		};
		87CC81ADE140B6ACAB894DBB /* [CP] Check Pods Manifest.lock */ = {
			isa = PBXShellScriptBuildPhase;
			buildActionMask = 2147483647;
			files = (
			);
			inputPaths = (
				"${PODS_PODFILE_DIR_PATH}/Podfile.lock",
				"${PODS_ROOT}/Manifest.lock",
			);
			name = "[CP] Check Pods Manifest.lock";
			outputPaths = (
				"$(DERIVED_FILE_DIR)/Pods-WhatToEat-checkManifestLockResult.txt",
			);
			runOnlyForDeploymentPostprocessing = 0;
			shellPath = /bin/sh;
			shellScript = "diff \"${PODS_PODFILE_DIR_PATH}/Podfile.lock\" \"${PODS_ROOT}/Manifest.lock\" > /dev/null\nif [ $? != 0 ] ; then\n    # print error to STDERR\n    echo \"error: The sandbox is not in sync with the Podfile.lock. Run 'pod install' or update your CocoaPods installation.\" >&2\n    exit 1\nfi\n# This output is used by Xcode 'outputs' to avoid re-running this script phase.\necho \"SUCCESS\" > \"${SCRIPT_OUTPUT_FILE_0}\"\n";
			showEnvVarsInLog = 0;
		};
		CA57EB9692B6C6517B71B223 /* [CP] Embed Pods Frameworks */ = {
			isa = PBXShellScriptBuildPhase;
			buildActionMask = 2147483647;
			files = (
			);
			inputPaths = (
				"${SRCROOT}/Pods/Target Support Files/Pods-WhatToEat/Pods-WhatToEat-frameworks.sh",
				"${BUILT_PRODUCTS_DIR}/Bolts/Bolts.framework",
				"${BUILT_PRODUCTS_DIR}/FBSDKCoreKit/FBSDKCoreKit.framework",
				"${BUILT_PRODUCTS_DIR}/FBSDKLoginKit/FBSDKLoginKit.framework",
				"${BUILT_PRODUCTS_DIR}/FacebookCore/FacebookCore.framework",
				"${BUILT_PRODUCTS_DIR}/FacebookLogin/FacebookLogin.framework",
				"${BUILT_PRODUCTS_DIR}/GTMOAuth2/GTMOAuth2.framework",
				"${BUILT_PRODUCTS_DIR}/GTMSessionFetcher/GTMSessionFetcher.framework",
				"${BUILT_PRODUCTS_DIR}/GoogleToolboxForMac/GoogleToolboxForMac.framework",
				"${BUILT_PRODUCTS_DIR}/Koloda/Koloda.framework",
				"${BUILT_PRODUCTS_DIR}/leveldb-library/leveldb.framework",
				"${BUILT_PRODUCTS_DIR}/nanopb/nanopb.framework",
				"${BUILT_PRODUCTS_DIR}/pop/pop.framework",
			);
			name = "[CP] Embed Pods Frameworks";
			outputPaths = (
				"${TARGET_BUILD_DIR}/${FRAMEWORKS_FOLDER_PATH}/Bolts.framework",
				"${TARGET_BUILD_DIR}/${FRAMEWORKS_FOLDER_PATH}/FBSDKCoreKit.framework",
				"${TARGET_BUILD_DIR}/${FRAMEWORKS_FOLDER_PATH}/FBSDKLoginKit.framework",
				"${TARGET_BUILD_DIR}/${FRAMEWORKS_FOLDER_PATH}/FacebookCore.framework",
				"${TARGET_BUILD_DIR}/${FRAMEWORKS_FOLDER_PATH}/FacebookLogin.framework",
				"${TARGET_BUILD_DIR}/${FRAMEWORKS_FOLDER_PATH}/GTMOAuth2.framework",
				"${TARGET_BUILD_DIR}/${FRAMEWORKS_FOLDER_PATH}/GTMSessionFetcher.framework",
				"${TARGET_BUILD_DIR}/${FRAMEWORKS_FOLDER_PATH}/GoogleToolboxForMac.framework",
				"${TARGET_BUILD_DIR}/${FRAMEWORKS_FOLDER_PATH}/Koloda.framework",
				"${TARGET_BUILD_DIR}/${FRAMEWORKS_FOLDER_PATH}/leveldb.framework",
				"${TARGET_BUILD_DIR}/${FRAMEWORKS_FOLDER_PATH}/nanopb.framework",
				"${TARGET_BUILD_DIR}/${FRAMEWORKS_FOLDER_PATH}/pop.framework",
			);
			runOnlyForDeploymentPostprocessing = 0;
			shellPath = /bin/sh;
			shellScript = "\"${SRCROOT}/Pods/Target Support Files/Pods-WhatToEat/Pods-WhatToEat-frameworks.sh\"\n";
			showEnvVarsInLog = 0;
		};
/* End PBXShellScriptBuildPhase section */

/* Begin PBXSourcesBuildPhase section */
		802CBB0F207D2077002EFFB1 /* Sources */ = {
			isa = PBXSourcesBuildPhase;
			buildActionMask = 2147483647;
			files = (
				24AD833B2086D0450040DBD0 /* DishTableViewCell.swift in Sources */,
				802CBB19207D2077002EFFB1 /* LoginViewController.swift in Sources */,
				242F3B332098CD0600C75675 /* DishListSaveTableViewController.swift in Sources */,
				802CBB46207D40F1002EFFB1 /* UnderlinedTextField.swift in Sources */,
				802CBB17207D2077002EFFB1 /* AppDelegate.swift in Sources */,
				80D72095208FDA16005F6A3A /* MyProfileViewController.swift in Sources */,
				24AD8331207EFC550040DBD0 /* RatingControl.swift in Sources */,
				24AD8344208842980040DBD0 /* FirebaseUtil.swift in Sources */,
				24AD833E2086D9220040DBD0 /* DishListTableViewController.swift in Sources */,
				24AD83392086908E0040DBD0 /* MainPageViewController.swift in Sources */,
				24AD83402086DB480040DBD0 /* Dish.swift in Sources */,
				24AD832F207EF2E80040DBD0 /* DishDetailViewController.swift in Sources */,
			);
			runOnlyForDeploymentPostprocessing = 0;
		};
		802CBB23207D207A002EFFB1 /* Sources */ = {
			isa = PBXSourcesBuildPhase;
			buildActionMask = 2147483647;
			files = (
				802CBB2C207D207A002EFFB1 /* WhatToEatTests.swift in Sources */,
				802CBB47207D40F1002EFFB1 /* UnderlinedTextField.swift in Sources */,
			);
			runOnlyForDeploymentPostprocessing = 0;
		};
		802CBB2E207D207A002EFFB1 /* Sources */ = {
			isa = PBXSourcesBuildPhase;
			buildActionMask = 2147483647;
			files = (
				802CBB37207D207A002EFFB1 /* WhatToEatUITests.swift in Sources */,
				802CBB48207D40F1002EFFB1 /* UnderlinedTextField.swift in Sources */,
			);
			runOnlyForDeploymentPostprocessing = 0;
		};
/* End PBXSourcesBuildPhase section */

/* Begin PBXTargetDependency section */
		802CBB29207D207A002EFFB1 /* PBXTargetDependency */ = {
			isa = PBXTargetDependency;
			target = 802CBB12207D2077002EFFB1 /* WhatToEat */;
			targetProxy = 802CBB28207D207A002EFFB1 /* PBXContainerItemProxy */;
		};
		802CBB34207D207A002EFFB1 /* PBXTargetDependency */ = {
			isa = PBXTargetDependency;
			target = 802CBB12207D2077002EFFB1 /* WhatToEat */;
			targetProxy = 802CBB33207D207A002EFFB1 /* PBXContainerItemProxy */;
		};
/* End PBXTargetDependency section */

/* Begin PBXVariantGroup section */
		802CBB1A207D2077002EFFB1 /* Main.storyboard */ = {
			isa = PBXVariantGroup;
			children = (
				802CBB1B207D2077002EFFB1 /* Base */,
			);
			name = Main.storyboard;
			sourceTree = "<group>";
		};
		802CBB1F207D207A002EFFB1 /* LaunchScreen.storyboard */ = {
			isa = PBXVariantGroup;
			children = (
				802CBB20207D207A002EFFB1 /* Base */,
			);
			name = LaunchScreen.storyboard;
			sourceTree = "<group>";
		};
/* End PBXVariantGroup section */

/* Begin XCBuildConfiguration section */
		802CBB39207D207A002EFFB1 /* Debug */ = {
			isa = XCBuildConfiguration;
			buildSettings = {
				ALWAYS_SEARCH_USER_PATHS = NO;
				CLANG_ANALYZER_NONNULL = YES;
				CLANG_ANALYZER_NUMBER_OBJECT_CONVERSION = YES_AGGRESSIVE;
				CLANG_CXX_LANGUAGE_STANDARD = "gnu++14";
				CLANG_CXX_LIBRARY = "libc++";
				CLANG_ENABLE_MODULES = YES;
				CLANG_ENABLE_OBJC_ARC = YES;
				CLANG_ENABLE_OBJC_WEAK = YES;
				CLANG_WARN_BLOCK_CAPTURE_AUTORELEASING = YES;
				CLANG_WARN_BOOL_CONVERSION = YES;
				CLANG_WARN_COMMA = YES;
				CLANG_WARN_CONSTANT_CONVERSION = YES;
				CLANG_WARN_DEPRECATED_OBJC_IMPLEMENTATIONS = YES;
				CLANG_WARN_DIRECT_OBJC_ISA_USAGE = YES_ERROR;
				CLANG_WARN_DOCUMENTATION_COMMENTS = YES;
				CLANG_WARN_EMPTY_BODY = YES;
				CLANG_WARN_ENUM_CONVERSION = YES;
				CLANG_WARN_INFINITE_RECURSION = YES;
				CLANG_WARN_INT_CONVERSION = YES;
				CLANG_WARN_NON_LITERAL_NULL_CONVERSION = YES;
				CLANG_WARN_OBJC_IMPLICIT_RETAIN_SELF = YES;
				CLANG_WARN_OBJC_LITERAL_CONVERSION = YES;
				CLANG_WARN_OBJC_ROOT_CLASS = YES_ERROR;
				CLANG_WARN_RANGE_LOOP_ANALYSIS = YES;
				CLANG_WARN_STRICT_PROTOTYPES = YES;
				CLANG_WARN_SUSPICIOUS_MOVE = YES;
				CLANG_WARN_UNGUARDED_AVAILABILITY = YES_AGGRESSIVE;
				CLANG_WARN_UNREACHABLE_CODE = YES;
				CLANG_WARN__DUPLICATE_METHOD_MATCH = YES;
				CODE_SIGN_IDENTITY = "iPhone Developer";
				COPY_PHASE_STRIP = NO;
				DEBUG_INFORMATION_FORMAT = dwarf;
				ENABLE_STRICT_OBJC_MSGSEND = YES;
				ENABLE_TESTABILITY = YES;
				GCC_C_LANGUAGE_STANDARD = gnu11;
				GCC_DYNAMIC_NO_PIC = NO;
				GCC_NO_COMMON_BLOCKS = YES;
				GCC_OPTIMIZATION_LEVEL = 0;
				GCC_PREPROCESSOR_DEFINITIONS = (
					"DEBUG=1",
					"$(inherited)",
				);
				GCC_WARN_64_TO_32_BIT_CONVERSION = YES;
				GCC_WARN_ABOUT_RETURN_TYPE = YES_ERROR;
				GCC_WARN_UNDECLARED_SELECTOR = YES;
				GCC_WARN_UNINITIALIZED_AUTOS = YES_AGGRESSIVE;
				GCC_WARN_UNUSED_FUNCTION = YES;
				GCC_WARN_UNUSED_VARIABLE = YES;
				IPHONEOS_DEPLOYMENT_TARGET = 11.3;
				MTL_ENABLE_DEBUG_INFO = YES;
				ONLY_ACTIVE_ARCH = YES;
				SDKROOT = iphoneos;
				SWIFT_ACTIVE_COMPILATION_CONDITIONS = DEBUG;
				SWIFT_OPTIMIZATION_LEVEL = "-Onone";
			};
			name = Debug;
		};
		802CBB3A207D207A002EFFB1 /* Release */ = {
			isa = XCBuildConfiguration;
			buildSettings = {
				ALWAYS_SEARCH_USER_PATHS = NO;
				CLANG_ANALYZER_NONNULL = YES;
				CLANG_ANALYZER_NUMBER_OBJECT_CONVERSION = YES_AGGRESSIVE;
				CLANG_CXX_LANGUAGE_STANDARD = "gnu++14";
				CLANG_CXX_LIBRARY = "libc++";
				CLANG_ENABLE_MODULES = YES;
				CLANG_ENABLE_OBJC_ARC = YES;
				CLANG_ENABLE_OBJC_WEAK = YES;
				CLANG_WARN_BLOCK_CAPTURE_AUTORELEASING = YES;
				CLANG_WARN_BOOL_CONVERSION = YES;
				CLANG_WARN_COMMA = YES;
				CLANG_WARN_CONSTANT_CONVERSION = YES;
				CLANG_WARN_DEPRECATED_OBJC_IMPLEMENTATIONS = YES;
				CLANG_WARN_DIRECT_OBJC_ISA_USAGE = YES_ERROR;
				CLANG_WARN_DOCUMENTATION_COMMENTS = YES;
				CLANG_WARN_EMPTY_BODY = YES;
				CLANG_WARN_ENUM_CONVERSION = YES;
				CLANG_WARN_INFINITE_RECURSION = YES;
				CLANG_WARN_INT_CONVERSION = YES;
				CLANG_WARN_NON_LITERAL_NULL_CONVERSION = YES;
				CLANG_WARN_OBJC_IMPLICIT_RETAIN_SELF = YES;
				CLANG_WARN_OBJC_LITERAL_CONVERSION = YES;
				CLANG_WARN_OBJC_ROOT_CLASS = YES_ERROR;
				CLANG_WARN_RANGE_LOOP_ANALYSIS = YES;
				CLANG_WARN_STRICT_PROTOTYPES = YES;
				CLANG_WARN_SUSPICIOUS_MOVE = YES;
				CLANG_WARN_UNGUARDED_AVAILABILITY = YES_AGGRESSIVE;
				CLANG_WARN_UNREACHABLE_CODE = YES;
				CLANG_WARN__DUPLICATE_METHOD_MATCH = YES;
				CODE_SIGN_IDENTITY = "iPhone Developer";
				COPY_PHASE_STRIP = NO;
				DEBUG_INFORMATION_FORMAT = "dwarf-with-dsym";
				ENABLE_NS_ASSERTIONS = NO;
				ENABLE_STRICT_OBJC_MSGSEND = YES;
				GCC_C_LANGUAGE_STANDARD = gnu11;
				GCC_NO_COMMON_BLOCKS = YES;
				GCC_WARN_64_TO_32_BIT_CONVERSION = YES;
				GCC_WARN_ABOUT_RETURN_TYPE = YES_ERROR;
				GCC_WARN_UNDECLARED_SELECTOR = YES;
				GCC_WARN_UNINITIALIZED_AUTOS = YES_AGGRESSIVE;
				GCC_WARN_UNUSED_FUNCTION = YES;
				GCC_WARN_UNUSED_VARIABLE = YES;
				IPHONEOS_DEPLOYMENT_TARGET = 11.3;
				MTL_ENABLE_DEBUG_INFO = NO;
				SDKROOT = iphoneos;
				SWIFT_COMPILATION_MODE = wholemodule;
				SWIFT_OPTIMIZATION_LEVEL = "-O";
				VALIDATE_PRODUCT = YES;
			};
			name = Release;
		};
		802CBB3C207D207A002EFFB1 /* Debug */ = {
			isa = XCBuildConfiguration;
			baseConfigurationReference = 237C5F3A03A265300FFB4EAA /* Pods-WhatToEat.debug.xcconfig */;
			buildSettings = {
				ASSETCATALOG_COMPILER_APPICON_NAME = AppIcon;
				CODE_SIGN_IDENTITY = "iPhone Developer";
				CODE_SIGN_STYLE = Automatic;
				DEVELOPMENT_TEAM = HR63KKCHQ9;
				INFOPLIST_FILE = "$(SRCROOT)/WhatToEat/SupportFiles/Info.plist";
				LD_RUNPATH_SEARCH_PATHS = (
					"$(inherited)",
					"@executable_path/Frameworks",
				);
				PRODUCT_BUNDLE_IDENTIFIER = "wte-Food.uiuc.WhatToEat";
				PRODUCT_NAME = "$(TARGET_NAME)";
				PROVISIONING_PROFILE_SPECIFIER = "";
				SWIFT_VERSION = 4.0;
				TARGETED_DEVICE_FAMILY = "1,2";
			};
			name = Debug;
		};
		802CBB3D207D207A002EFFB1 /* Release */ = {
			isa = XCBuildConfiguration;
			baseConfigurationReference = 1B4474A24DD54B0EC3797FFC /* Pods-WhatToEat.release.xcconfig */;
			buildSettings = {
				ASSETCATALOG_COMPILER_APPICON_NAME = AppIcon;
				CODE_SIGN_IDENTITY = "iPhone Developer";
				CODE_SIGN_STYLE = Automatic;
				DEVELOPMENT_TEAM = HR63KKCHQ9;
				INFOPLIST_FILE = "$(SRCROOT)/WhatToEat/SupportFiles/Info.plist";
				LD_RUNPATH_SEARCH_PATHS = (
					"$(inherited)",
					"@executable_path/Frameworks",
				);
				PRODUCT_BUNDLE_IDENTIFIER = "wte-Food.uiuc.WhatToEat";
				PRODUCT_NAME = "$(TARGET_NAME)";
				PROVISIONING_PROFILE_SPECIFIER = "";
				SWIFT_VERSION = 4.0;
				TARGETED_DEVICE_FAMILY = "1,2";
			};
			name = Release;
		};
		802CBB3F207D207A002EFFB1 /* Debug */ = {
			isa = XCBuildConfiguration;
			baseConfigurationReference = 71BD406341B1354A2B84906C /* Pods-WhatToEatTests.debug.xcconfig */;
			buildSettings = {
				ALWAYS_EMBED_SWIFT_STANDARD_LIBRARIES = YES;
				BUNDLE_LOADER = "$(TEST_HOST)";
				CODE_SIGN_STYLE = Automatic;
				DEVELOPMENT_TEAM = 3D8MPG5B54;
				INFOPLIST_FILE = WhatToEatTests/Info.plist;
				LD_RUNPATH_SEARCH_PATHS = (
					"$(inherited)",
					"@executable_path/Frameworks",
					"@loader_path/Frameworks",
				);
				PRODUCT_BUNDLE_IDENTIFIER = "alpaca-rara-pengy-cc.WhatToEatTests";
				PRODUCT_NAME = "$(TARGET_NAME)";
				SWIFT_VERSION = 4.0;
				TARGETED_DEVICE_FAMILY = "1,2";
				TEST_HOST = "$(BUILT_PRODUCTS_DIR)/WhatToEat.app/WhatToEat";
			};
			name = Debug;
		};
		802CBB40207D207A002EFFB1 /* Release */ = {
			isa = XCBuildConfiguration;
			baseConfigurationReference = 48EE408973E97DC7C439B947 /* Pods-WhatToEatTests.release.xcconfig */;
			buildSettings = {
				ALWAYS_EMBED_SWIFT_STANDARD_LIBRARIES = YES;
				BUNDLE_LOADER = "$(TEST_HOST)";
				CODE_SIGN_STYLE = Automatic;
				DEVELOPMENT_TEAM = 3D8MPG5B54;
				INFOPLIST_FILE = WhatToEatTests/Info.plist;
				LD_RUNPATH_SEARCH_PATHS = (
					"$(inherited)",
					"@executable_path/Frameworks",
					"@loader_path/Frameworks",
				);
				PRODUCT_BUNDLE_IDENTIFIER = "alpaca-rara-pengy-cc.WhatToEatTests";
				PRODUCT_NAME = "$(TARGET_NAME)";
				SWIFT_VERSION = 4.0;
				TARGETED_DEVICE_FAMILY = "1,2";
				TEST_HOST = "$(BUILT_PRODUCTS_DIR)/WhatToEat.app/WhatToEat";
			};
			name = Release;
		};
		802CBB42207D207A002EFFB1 /* Debug */ = {
			isa = XCBuildConfiguration;
			baseConfigurationReference = EB88A6AFB160D9E55AB5C228 /* Pods-WhatToEatUITests.debug.xcconfig */;
			buildSettings = {
				ALWAYS_EMBED_SWIFT_STANDARD_LIBRARIES = YES;
				CODE_SIGN_STYLE = Automatic;
				DEVELOPMENT_TEAM = 3D8MPG5B54;
				INFOPLIST_FILE = WhatToEatUITests/Info.plist;
				LD_RUNPATH_SEARCH_PATHS = (
					"$(inherited)",
					"@executable_path/Frameworks",
					"@loader_path/Frameworks",
				);
				PRODUCT_BUNDLE_IDENTIFIER = "alpaca-rara-pengy-cc.WhatToEatUITests";
				PRODUCT_NAME = "$(TARGET_NAME)";
				SWIFT_VERSION = 4.0;
				TARGETED_DEVICE_FAMILY = "1,2";
				TEST_TARGET_NAME = WhatToEat;
			};
			name = Debug;
		};
		802CBB43207D207A002EFFB1 /* Release */ = {
			isa = XCBuildConfiguration;
			baseConfigurationReference = DF5B72B433C6CA43FCB44297 /* Pods-WhatToEatUITests.release.xcconfig */;
			buildSettings = {
				ALWAYS_EMBED_SWIFT_STANDARD_LIBRARIES = YES;
				CODE_SIGN_STYLE = Automatic;
				DEVELOPMENT_TEAM = 3D8MPG5B54;
				INFOPLIST_FILE = WhatToEatUITests/Info.plist;
				LD_RUNPATH_SEARCH_PATHS = (
					"$(inherited)",
					"@executable_path/Frameworks",
					"@loader_path/Frameworks",
				);
				PRODUCT_BUNDLE_IDENTIFIER = "alpaca-rara-pengy-cc.WhatToEatUITests";
				PRODUCT_NAME = "$(TARGET_NAME)";
				SWIFT_VERSION = 4.0;
				TARGETED_DEVICE_FAMILY = "1,2";
				TEST_TARGET_NAME = WhatToEat;
			};
			name = Release;
		};
/* End XCBuildConfiguration section */

/* Begin XCConfigurationList section */
		802CBB0E207D2077002EFFB1 /* Build configuration list for PBXProject "WhatToEat" */ = {
			isa = XCConfigurationList;
			buildConfigurations = (
				802CBB39207D207A002EFFB1 /* Debug */,
				802CBB3A207D207A002EFFB1 /* Release */,
			);
			defaultConfigurationIsVisible = 0;
			defaultConfigurationName = Release;
		};
		802CBB3B207D207A002EFFB1 /* Build configuration list for PBXNativeTarget "WhatToEat" */ = {
			isa = XCConfigurationList;
			buildConfigurations = (
				802CBB3C207D207A002EFFB1 /* Debug */,
				802CBB3D207D207A002EFFB1 /* Release */,
			);
			defaultConfigurationIsVisible = 0;
			defaultConfigurationName = Release;
		};
		802CBB3E207D207A002EFFB1 /* Build configuration list for PBXNativeTarget "WhatToEatTests" */ = {
			isa = XCConfigurationList;
			buildConfigurations = (
				802CBB3F207D207A002EFFB1 /* Debug */,
				802CBB40207D207A002EFFB1 /* Release */,
			);
			defaultConfigurationIsVisible = 0;
			defaultConfigurationName = Release;
		};
		802CBB41207D207A002EFFB1 /* Build configuration list for PBXNativeTarget "WhatToEatUITests" */ = {
			isa = XCConfigurationList;
			buildConfigurations = (
				802CBB42207D207A002EFFB1 /* Debug */,
				802CBB43207D207A002EFFB1 /* Release */,
			);
			defaultConfigurationIsVisible = 0;
			defaultConfigurationName = Release;
		};
/* End XCConfigurationList section */
	};
	rootObject = 802CBB0B207D2077002EFFB1 /* Project object */;
}
